
Microsoft Visual Studio Solution File, Format Version 12.00
# Visual Studio Version 17
VisualStudioVersion = 17.2.32516.85
MinimumVisualStudioVersion = 10.0.40219.1
Project("{FAE04EC0-301F-11D3-BF4B-00C04F79EFBC}") = "TP_Integrador", "TP_Integrador\TP_Integrador.csproj", "{CFEC6ADB-2B8A-4BBF-AE1B-6F7FD514F180}"
EndProject
Global
	GlobalSection(SolutionConfigurationPlatforms) = preSolution
		Debug|Any CPU = Debug|Any CPU
		Release|Any CPU = Release|Any CPU
	EndGlobalSection
	GlobalSection(ProjectConfigurationPlatforms) = postSolution
		{CFEC6ADB-2B8A-4BBF-AE1B-6F7FD514F180}.Debug|Any CPU.ActiveCfg = Debug|Any CPU
		{CFEC6ADB-2B8A-4BBF-AE1B-6F7FD514F180}.Debug|Any CPU.Build.0 = Debug|Any CPU
		{CFEC6ADB-2B8A-4BBF-AE1B-6F7FD514F180}.Release|Any CPU.ActiveCfg = Release|Any CPU
		{CFEC6ADB-2B8A-4BBF-AE1B-6F7FD514F180}.Release|Any CPU.Build.0 = Release|Any CPU
	EndGlobalSection
	GlobalSection(SolutionProperties) = preSolution
		HideSolutionNode = FALSE
	EndGlobalSection
	GlobalSection(ExtensibilityGlobals) = postSolution
		SolutionGuid = {70BD9AEE-CC95-4B5D-8A93-37299B0651D0}
	EndGlobalSection
EndGlobal
